// !$*UTF8*$!
{
	archiveVersion = 1;
	classes = {
	};
	objectVersion = 77;
	objects = {

/* Begin PBXContainerItemProxy section */
		53F8DAA02EE7ED0B0059D96D /* PBXContainerItemProxy */ = {
			isa = PBXContainerItemProxy;
			containerPortal = 53F8DA812EE7ED0A0059D96D /* Project object */;
			proxyType = 1;
			remoteGlobalIDString = 53F8DA882EE7ED0A0059D96D;
			remoteInfo = TestTask;
		};
		53F8DAAA2EE7ED0B0059D96D /* PBXContainerItemProxy */ = {
			isa = PBXContainerItemProxy;
			containerPortal = 53F8DA812EE7ED0A0059D96D /* Project object */;
			proxyType = 1;
			remoteGlobalIDString = 53F8DA882EE7ED0A0059D96D;
			remoteInfo = TestTask;
		};
/* End PBXContainerItemProxy section */

/* Begin PBXFileReference section */
		53F8DA892EE7ED0A0059D96D /* TestTask.app */ = {isa = PBXFileReference; explicitFileType = wrapper.application; includeInIndex = 0; path = TestTask.app; sourceTree = BUILT_PRODUCTS_DIR; };
		53F8DA9F2EE7ED0B0059D96D /* TestTaskTests.xctest */ = {isa = PBXFileReference; explicitFileType = wrapper.cfbundle; includeInIndex = 0; path = TestTaskTests.xctest; sourceTree = BUILT_PRODUCTS_DIR; };
		53F8DAA92EE7ED0B0059D96D /* TestTaskUITests.xctest */ = {isa = PBXFileReference; explicitFileType = wrapper.cfbundle; includeInIndex = 0; path = TestTaskUITests.xctest; sourceTree = BUILT_PRODUCTS_DIR; };
		53F8DAC92EE7F0300059D96D /* FeedViewController.swift */ = {isa = PBXFileReference; lastKnownFileType = sourcecode.swift; path = FeedViewController.swift; sourceTree = "<group>"; };
		53F8DACA2EE7F0450059D96D /* FeedViewModel.swift */ = {isa = PBXFileReference; lastKnownFileType = sourcecode.swift; path = FeedViewModel.swift; sourceTree = "<group>"; };
		53F8DACB2EE7F0620059D96D /* PostCell.swift */ = {isa = PBXFileReference; lastKnownFileType = sourcecode.swift; path = PostCell.swift; sourceTree = "<group>"; };
		53F8DACC2EE7F07B0059D96D /* SceneDelegate.swift */ = {isa = PBXFileReference; lastKnownFileType = sourcecode.swift; path = SceneDelegate.swift; sourceTree = "<group>"; };
		53F8DACE2EE7F28C0059D96D /* Post.swift */ = {isa = PBXFileReference; lastKnownFileType = sourcecode.swift; path = Post.swift; sourceTree = "<group>"; };
		53F8DACF2EE7F2A10059D96D /* User.swift */ = {isa = PBXFileReference; lastKnownFileType = sourcecode.swift; path = User.swift; sourceTree = "<group>"; };
		53F8DAD02EE7F2B80059D96D /* NetworkService.swift */ = {isa = PBXFileReference; lastKnownFileType = sourcecode.swift; path = NetworkService.swift; sourceTree = "<group>"; };
		53F8DAD22EE7FB790059D96D /* CoreDataManager..swift */ = {isa = PBXFileReference; lastKnownFileType = sourcecode.swift; path = CoreDataManager..swift; sourceTree = "<group>"; };
		53F8DAD72EE7FD770059D96D /* FeedModel.xcdatamodel */ = {isa = PBXFileReference; lastKnownFileType = wrapper.xcdatamodel; path = FeedModel.xcdatamodel; sourceTree = "<group>"; };
/* End PBXFileReference section */

/* Begin PBXFileSystemSynchronizedBuildFileExceptionSet section */
		53F8DAB12EE7ED0B0059D96D /* Exceptions for "TestTask" folder in "TestTask" target */ = {
			isa = PBXFileSystemSynchronizedBuildFileExceptionSet;
			membershipExceptions = (
				Info.plist,
			);
			target = 53F8DA882EE7ED0A0059D96D /* TestTask */;
		};
/* End PBXFileSystemSynchronizedBuildFileExceptionSet section */

/* Begin PBXFileSystemSynchronizedRootGroup section */
		53F8DA8B2EE7ED0A0059D96D /* TestTask */ = {
			isa = PBXFileSystemSynchronizedRootGroup;
			exceptions = (
				53F8DAB12EE7ED0B0059D96D /* Exceptions for "TestTask" folder in "TestTask" target */,
			);
			path = TestTask;
			sourceTree = "<group>";
		};
		53F8DAA22EE7ED0B0059D96D /* TestTaskTests */ = {
			isa = PBXFileSystemSynchronizedRootGroup;
			path = TestTaskTests;
			sourceTree = "<group>";
		};
		53F8DAAC2EE7ED0B0059D96D /* TestTaskUITests */ = {
			isa = PBXFileSystemSynchronizedRootGroup;
			path = TestTaskUITests;
			sourceTree = "<group>";
		};
/* End PBXFileSystemSynchronizedRootGroup section */

/* Begin PBXFrameworksBuildPhase section */
		53F8DA862EE7ED0A0059D96D /* Frameworks */ = {
			isa = PBXFrameworksBuildPhase;
			buildActionMask = 2147483647;
			files = (
			);
			runOnlyForDeploymentPostprocessing = 0;
		};
		53F8DA9C2EE7ED0B0059D96D /* Frameworks */ = {
			isa = PBXFrameworksBuildPhase;
			buildActionMask = 2147483647;
			files = (
			);
			runOnlyForDeploymentPostprocessing = 0;
		};
		53F8DAA62EE7ED0B0059D96D /* Frameworks */ = {
			isa = PBXFrameworksBuildPhase;
			buildActionMask = 2147483647;
			files = (
			);
			runOnlyForDeploymentPostprocessing = 0;
		};
/* End PBXFrameworksBuildPhase section */

/* Begin PBXGroup section */
		53F8DA802EE7ED0A0059D96D = {
			isa = PBXGroup;
			children = (
				53F8DABD2EE7ED850059D96D /* App */,
				53F8DABE2EE7ED950059D96D /* Core */,
				53F8DABF2EE7EDB70059D96D /* Network */,
				53F8DAC02EE7EDC00059D96D /* Models */,
				53F8DAC12EE7EDC80059D96D /* Modules */,
				53F8DAC62EE7EDFE0059D96D /* CoreData */,
				53F8DAC72EE7EE080059D96D /* Extensions */,
				53F8DAC82EE7EE110059D96D /* Resources */,
				53F8DA8B2EE7ED0A0059D96D /* TestTask */,
				53F8DAA22EE7ED0B0059D96D /* TestTaskTests */,
				53F8DAAC2EE7ED0B0059D96D /* TestTaskUITests */,
				53F8DA8A2EE7ED0A0059D96D /* Products */,
			);
			sourceTree = "<group>";
		};
		53F8DA8A2EE7ED0A0059D96D /* Products */ = {
			isa = PBXGroup;
			children = (
				53F8DA892EE7ED0A0059D96D /* TestTask.app */,
				53F8DA9F2EE7ED0B0059D96D /* TestTaskTests.xctest */,
				53F8DAA92EE7ED0B0059D96D /* TestTaskUITests.xctest */,
			);
			name = Products;
			sourceTree = "<group>";
		};
		53F8DABD2EE7ED850059D96D /* App */ = {
			isa = PBXGroup;
			children = (
				53F8DACC2EE7F07B0059D96D /* SceneDelegate.swift */,
			);
			path = App;
			sourceTree = "<group>";
		};
		53F8DABE2EE7ED950059D96D /* Core */ = {
			isa = PBXGroup;
			children = (
			);
			path = Core;
			sourceTree = "<group>";
		};
		53F8DABF2EE7EDB70059D96D /* Network */ = {
			isa = PBXGroup;
			children = (
				53F8DAD02EE7F2B80059D96D /* NetworkService.swift */,
			);
			path = Network;
			sourceTree = "<group>";
		};
		53F8DAC02EE7EDC00059D96D /* Models */ = {
			isa = PBXGroup;
			children = (
				53F8DACF2EE7F2A10059D96D /* User.swift */,
				53F8DACE2EE7F28C0059D96D /* Post.swift */,
			);
			path = Models;
			sourceTree = "<group>";
		};
		53F8DAC12EE7EDC80059D96D /* Modules */ = {
			isa = PBXGroup;
			children = (
				53F8DAC22EE7EDD30059D96D /* Feed */,
			);
			path = Modules;
			sourceTree = "<group>";
		};
		53F8DAC22EE7EDD30059D96D /* Feed */ = {
			isa = PBXGroup;
			children = (
				53F8DAC32EE7EDDD0059D96D /*  View */,
				53F8DAC42EE7EDE80059D96D /*  ViewModel */,
				53F8DAC52EE7EDF00059D96D /*  Cell */,
			);
			path = Feed;
			sourceTree = "<group>";
		};
		53F8DAC32EE7EDDD0059D96D /*  View */ = {
			isa = PBXGroup;
			children = (
				53F8DAC92EE7F0300059D96D /* FeedViewController.swift */,
			);
			path = " View";
			sourceTree = "<group>";
		};
		53F8DAC42EE7EDE80059D96D /*  ViewModel */ = {
			isa = PBXGroup;
			children = (
				53F8DACA2EE7F0450059D96D /* FeedViewModel.swift */,
			);
			path = " ViewModel";
			sourceTree = "<group>";
		};
		53F8DAC52EE7EDF00059D96D /*  Cell */ = {
			isa = PBXGroup;
			children = (
				53F8DACB2EE7F0620059D96D /* PostCell.swift */,
			);
			path = " Cell";
			sourceTree = "<group>";
		};
		53F8DAC62EE7EDFE0059D96D /* CoreData */ = {
			isa = PBXGroup;
			children = (
				53F8DAD22EE7FB790059D96D /* CoreDataManager..swift */,
				53F8DAD62EE7FD770059D96D /* FeedModel.xcdatamodeld */,
			);
			path = CoreData;
			sourceTree = "<group>";
		};
		53F8DAC72EE7EE080059D96D /* Extensions */ = {
			isa = PBXGroup;
			children = (
			);
			path = Extensions;
			sourceTree = "<group>";
		};
		53F8DAC82EE7EE110059D96D /* Resources */ = {
			isa = PBXGroup;
			children = (
			);
			path = Resources;
			sourceTree = "<group>";
		};
/* End PBXGroup section */

/* Begin PBXNativeTarget section */
		53F8DA882EE7ED0A0059D96D /* TestTask */ = {
			isa = PBXNativeTarget;
			buildConfigurationList = 53F8DAB22EE7ED0B0059D96D /* Build configuration list for PBXNativeTarget "TestTask" */;
			buildPhases = (
				53F8DA852EE7ED0A0059D96D /* Sources */,
				53F8DA862EE7ED0A0059D96D /* Frameworks */,
				53F8DA872EE7ED0A0059D96D /* Resources */,
			);
			buildRules = (
			);
			dependencies = (
			);
			fileSystemSynchronizedGroups = (
				53F8DA8B2EE7ED0A0059D96D /* TestTask */,
			);
			name = TestTask;
			packageProductDependencies = (
			);
			productName = TestTask;
			productReference = 53F8DA892EE7ED0A0059D96D /* TestTask.app */;
			productType = "com.apple.product-type.application";
		};
		53F8DA9E2EE7ED0B0059D96D /* TestTaskTests */ = {
			isa = PBXNativeTarget;
			buildConfigurationList = 53F8DAB72EE7ED0B0059D96D /* Build configuration list for PBXNativeTarget "TestTaskTests" */;
			buildPhases = (
				53F8DA9B2EE7ED0B0059D96D /* Sources */,
				53F8DA9C2EE7ED0B0059D96D /* Frameworks */,
				53F8DA9D2EE7ED0B0059D96D /* Resources */,
			);
			buildRules = (
			);
			dependencies = (
				53F8DAA12EE7ED0B0059D96D /* PBXTargetDependency */,
			);
			fileSystemSynchronizedGroups = (
				53F8DAA22EE7ED0B0059D96D /* TestTaskTests */,
			);
			name = TestTaskTests;
			packageProductDependencies = (
			);
			productName = TestTaskTests;
			productReference = 53F8DA9F2EE7ED0B0059D96D /* TestTaskTests.xctest */;
			productType = "com.apple.product-type.bundle.unit-test";
		};
		53F8DAA82EE7ED0B0059D96D /* TestTaskUITests */ = {
			isa = PBXNativeTarget;
			buildConfigurationList = 53F8DABA2EE7ED0B0059D96D /* Build configuration list for PBXNativeTarget "TestTaskUITests" */;
			buildPhases = (
				53F8DAA52EE7ED0B0059D96D /* Sources */,
				53F8DAA62EE7ED0B0059D96D /* Frameworks */,
				53F8DAA72EE7ED0B0059D96D /* Resources */,
			);
			buildRules = (
			);
			dependencies = (
				53F8DAAB2EE7ED0B0059D96D /* PBXTargetDependency */,
			);
			fileSystemSynchronizedGroups = (
				53F8DAAC2EE7ED0B0059D96D /* TestTaskUITests */,
			);
			name = TestTaskUITests;
			packageProductDependencies = (
			);
			productName = TestTaskUITests;
			productReference = 53F8DAA92EE7ED0B0059D96D /* TestTaskUITests.xctest */;
			productType = "com.apple.product-type.bundle.ui-testing";
		};
/* End PBXNativeTarget section */

/* Begin PBXProject section */
		53F8DA812EE7ED0A0059D96D /* Project object */ = {
			isa = PBXProject;
			attributes = {
				BuildIndependentTargetsInParallel = 1;
				LastSwiftUpdateCheck = 2610;
				LastUpgradeCheck = 2610;
				TargetAttributes = {
					53F8DA882EE7ED0A0059D96D = {
						CreatedOnToolsVersion = 26.1;
					};
					53F8DA9E2EE7ED0B0059D96D = {
						CreatedOnToolsVersion = 26.1;
						TestTargetID = 53F8DA882EE7ED0A0059D96D;
					};
					53F8DAA82EE7ED0B0059D96D = {
						CreatedOnToolsVersion = 26.1;
						TestTargetID = 53F8DA882EE7ED0A0059D96D;
					};
				};
			};
			buildConfigurationList = 53F8DA842EE7ED0A0059D96D /* Build configuration list for PBXProject "TestTask" */;
			developmentRegion = en;
			hasScannedForEncodings = 0;
			knownRegions = (
				en,
				Base,
			);
			mainGroup = 53F8DA802EE7ED0A0059D96D;
			minimizedProjectReferenceProxies = 1;
			packageReferences = (
				53F8DACD2EE7F26D0059D96D /* XCRemoteSwiftPackageReference "Alamofire" */,
			);
			preferredProjectObjectVersion = 77;
			productRefGroup = 53F8DA8A2EE7ED0A0059D96D /* Products */;
			projectDirPath = "";
			projectRoot = "";
			targets = (
				53F8DA882EE7ED0A0059D96D /* TestTask */,
				53F8DA9E2EE7ED0B0059D96D /* TestTaskTests */,
				53F8DAA82EE7ED0B0059D96D /* TestTaskUITests */,
			);
		};
/* End PBXProject section */

/* Begin PBXResourcesBuildPhase section */
		53F8DA872EE7ED0A0059D96D /* Resources */ = {
			isa = PBXResourcesBuildPhase;
			buildActionMask = 2147483647;
			files = (
			);
			runOnlyForDeploymentPostprocessing = 0;
		};
		53F8DA9D2EE7ED0B0059D96D /* Resources */ = {
			isa = PBXResourcesBuildPhase;
			buildActionMask = 2147483647;
			files = (
			);
			runOnlyForDeploymentPostprocessing = 0;
		};
		53F8DAA72EE7ED0B0059D96D /* Resources */ = {
			isa = PBXResourcesBuildPhase;
			buildActionMask = 2147483647;
			files = (
			);
			runOnlyForDeploymentPostprocessing = 0;
		};
/* End PBXResourcesBuildPhase section */

/* Begin PBXSourcesBuildPhase section */
		53F8DA852EE7ED0A0059D96D /* Sources */ = {
			isa = PBXSourcesBuildPhase;
			buildActionMask = 2147483647;
			files = (
			);
			runOnlyForDeploymentPostprocessing = 0;
		};
		53F8DA9B2EE7ED0B0059D96D /* Sources */ = {
			isa = PBXSourcesBuildPhase;
			buildActionMask = 2147483647;
			files = (
			);
			runOnlyForDeploymentPostprocessing = 0;
		};
		53F8DAA52EE7ED0B0059D96D /* Sources */ = {
			isa = PBXSourcesBuildPhase;
			buildActionMask = 2147483647;
			files = (
			);
			runOnlyForDeploymentPostprocessing = 0;
		};
/* End PBXSourcesBuildPhase section */

/* Begin PBXTargetDependency section */
		53F8DAA12EE7ED0B0059D96D /* PBXTargetDependency */ = {
			isa = PBXTargetDependency;
			target = 53F8DA882EE7ED0A0059D96D /* TestTask */;
			targetProxy = 53F8DAA02EE7ED0B0059D96D /* PBXContainerItemProxy */;
		};
		53F8DAAB2EE7ED0B0059D96D /* PBXTargetDependency */ = {
			isa = PBXTargetDependency;
			target = 53F8DA882EE7ED0A0059D96D /* TestTask */;
			targetProxy = 53F8DAAA2EE7ED0B0059D96D /* PBXContainerItemProxy */;
		};
/* End PBXTargetDependency section */

/* Begin XCBuildConfiguration section */
		53F8DAB32EE7ED0B0059D96D /* Debug */ = {
			isa = XCBuildConfiguration;
			buildSettings = {
				ASSETCATALOG_COMPILER_APPICON_NAME = AppIcon;
				ASSETCATALOG_COMPILER_GLOBAL_ACCENT_COLOR_NAME = AccentColor;
				CODE_SIGN_STYLE = Automatic;
				CURRENT_PROJECT_VERSION = 1;
				GENERATE_INFOPLIST_FILE = YES;
				INFOPLIST_FILE = TestTask/Info.plist;
				INFOPLIST_KEY_UIApplicationSupportsIndirectInputEvents = YES;
				INFOPLIST_KEY_UILaunchStoryboardName = LaunchScreen;
				INFOPLIST_KEY_UIMainStoryboardFile = Main;
				INFOPLIST_KEY_UISupportedInterfaceOrientations_iPad = "UIInterfaceOrientationPortrait UIInterfaceOrientationPortraitUpsideDown UIInterfaceOrientationLandscapeLeft UIInterfaceOrientationLandscapeRight";
				INFOPLIST_KEY_UISupportedInterfaceOrientations_iPhone = "UIInterfaceOrientationPortrait UIInterfaceOrientationLandscapeLeft UIInterfaceOrientationLandscapeRight";
				LD_RUNPATH_SEARCH_PATHS = (
					"$(inherited)",
					"@executable_path/Frameworks",
				);
				MARKETING_VERSION = 1.0;
				PRODUCT_BUNDLE_IDENTIFIER = com.seitkazy.TestTask;
				PRODUCT_NAME = "$(TARGET_NAME)";
				STRING_CATALOG_GENERATE_SYMBOLS = YES;
				SWIFT_APPROACHABLE_CONCURRENCY = YES;
				SWIFT_DEFAULT_ACTOR_ISOLATION = MainActor;
				SWIFT_EMIT_LOC_STRINGS = YES;
				SWIFT_UPCOMING_FEATURE_MEMBER_IMPORT_VISIBILITY = YES;
				SWIFT_VERSION = 5.0;
				TARGETED_DEVICE_FAMILY = "1,2";
			};
			name = Debug;
		};
		53F8DAB42EE7ED0B0059D96D /* Release */ = {
			isa = XCBuildConfiguration;
			buildSettings = {
				ASSETCATALOG_COMPILER_APPICON_NAME = AppIcon;
				ASSETCATALOG_COMPILER_GLOBAL_ACCENT_COLOR_NAME = AccentColor;
				CODE_SIGN_STYLE = Automatic;
				CURRENT_PROJECT_VERSION = 1;
				GENERATE_INFOPLIST_FILE = YES;
				INFOPLIST_FILE = TestTask/Info.plist;
				INFOPLIST_KEY_UIApplicationSupportsIndirectInputEvents = YES;
				INFOPLIST_KEY_UILaunchStoryboardName = LaunchScreen;
				INFOPLIST_KEY_UIMainStoryboardFile = Main;
				INFOPLIST_KEY_UISupportedInterfaceOrientations_iPad = "UIInterfaceOrientationPortrait UIInterfaceOrientationPortraitUpsideDown UIInterfaceOrientationLandscapeLeft UIInterfaceOrientationLandscapeRight";
				INFOPLIST_KEY_UISupportedInterfaceOrientations_iPhone = "UIInterfaceOrientationPortrait UIInterfaceOrientationLandscapeLeft UIInterfaceOrientationLandscapeRight";
				LD_RUNPATH_SEARCH_PATHS = (
					"$(inherited)",
					"@executable_path/Frameworks",
				);
				MARKETING_VERSION = 1.0;
				PRODUCT_BUNDLE_IDENTIFIER = com.seitkazy.TestTask;
				PRODUCT_NAME = "$(TARGET_NAME)";
				STRING_CATALOG_GENERATE_SYMBOLS = YES;
				SWIFT_APPROACHABLE_CONCURRENCY = YES;
				SWIFT_DEFAULT_ACTOR_ISOLATION = MainActor;
				SWIFT_EMIT_LOC_STRINGS = YES;
				SWIFT_UPCOMING_FEATURE_MEMBER_IMPORT_VISIBILITY = YES;
				SWIFT_VERSION = 5.0;
				TARGETED_DEVICE_FAMILY = "1,2";
			};
			name = Release;
		};
		53F8DAB52EE7ED0B0059D96D /* Debug */ = {
			isa = XCBuildConfiguration;
			buildSettings = {
				ALWAYS_SEARCH_USER_PATHS = NO;
				ASSETCATALOG_COMPILER_GENERATE_SWIFT_ASSET_SYMBOL_EXTENSIONS = YES;
				CLANG_ANALYZER_NONNULL = YES;
				CLANG_ANALYZER_NUMBER_OBJECT_CONVERSION = YES_AGGRESSIVE;
				CLANG_CXX_LANGUAGE_STANDARD = "gnu++20";
				CLANG_ENABLE_MODULES = YES;
				CLANG_ENABLE_OBJC_ARC = YES;
				CLANG_ENABLE_OBJC_WEAK = YES;
				CLANG_WARN_BLOCK_CAPTURE_AUTORELEASING = YES;
				CLANG_WARN_BOOL_CONVERSION = YES;
				CLANG_WARN_COMMA = YES;
				CLANG_WARN_CONSTANT_CONVERSION = YES;
				CLANG_WARN_DEPRECATED_OBJC_IMPLEMENTATIONS = YES;
				CLANG_WARN_DIRECT_OBJC_ISA_USAGE = YES_ERROR;
				CLANG_WARN_DOCUMENTATION_COMMENTS = YES;
				CLANG_WARN_EMPTY_BODY = YES;
				CLANG_WARN_ENUM_CONVERSION = YES;
				CLANG_WARN_INFINITE_RECURSION = YES;
				CLANG_WARN_INT_CONVERSION = YES;
				CLANG_WARN_NON_LITERAL_NULL_CONVERSION = YES;
				CLANG_WARN_OBJC_IMPLICIT_RETAIN_SELF = YES;
				CLANG_WARN_OBJC_LITERAL_CONVERSION = YES;
				CLANG_WARN_OBJC_ROOT_CLASS = YES_ERROR;
				CLANG_WARN_QUOTED_INCLUDE_IN_FRAMEWORK_HEADER = YES;
				CLANG_WARN_RANGE_LOOP_ANALYSIS = YES;
				CLANG_WARN_STRICT_PROTOTYPES = YES;
				CLANG_WARN_SUSPICIOUS_MOVE = YES;
				CLANG_WARN_UNGUARDED_AVAILABILITY = YES_AGGRESSIVE;
				CLANG_WARN_UNREACHABLE_CODE = YES;
				CLANG_WARN__DUPLICATE_METHOD_MATCH = YES;
				COPY_PHASE_STRIP = NO;
				DEBUG_INFORMATION_FORMAT = dwarf;
				ENABLE_STRICT_OBJC_MSGSEND = YES;
				ENABLE_TESTABILITY = YES;
				ENABLE_USER_SCRIPT_SANDBOXING = YES;
				GCC_C_LANGUAGE_STANDARD = gnu17;
				GCC_DYNAMIC_NO_PIC = NO;
				GCC_NO_COMMON_BLOCKS = YES;
				GCC_OPTIMIZATION_LEVEL = 0;
				GCC_PREPROCESSOR_DEFINITIONS = (
					"DEBUG=1",
					"$(inherited)",
				);
				GCC_WARN_64_TO_32_BIT_CONVERSION = YES;
				GCC_WARN_ABOUT_RETURN_TYPE = YES_ERROR;
				GCC_WARN_UNDECLARED_SELECTOR = YES;
				GCC_WARN_UNINITIALIZED_AUTOS = YES_AGGRESSIVE;
				GCC_WARN_UNUSED_FUNCTION = YES;
				GCC_WARN_UNUSED_VARIABLE = YES;
				IPHONEOS_DEPLOYMENT_TARGET = 26.1;
				LOCALIZATION_PREFERS_STRING_CATALOGS = YES;
				MTL_ENABLE_DEBUG_INFO = INCLUDE_SOURCE;
				MTL_FAST_MATH = YES;
				ONLY_ACTIVE_ARCH = YES;
				SDKROOT = iphoneos;
				SWIFT_ACTIVE_COMPILATION_CONDITIONS = "DEBUG $(inherited)";
				SWIFT_OPTIMIZATION_LEVEL = "-Onone";
			};
			name = Debug;
		};
		53F8DAB62EE7ED0B0059D96D /* Release */ = {
			isa = XCBuildConfiguration;
			buildSettings = {
				ALWAYS_SEARCH_USER_PATHS = NO;
				ASSETCATALOG_COMPILER_GENERATE_SWIFT_ASSET_SYMBOL_EXTENSIONS = YES;
				CLANG_ANALYZER_NONNULL = YES;
				CLANG_ANALYZER_NUMBER_OBJECT_CONVERSION = YES_AGGRESSIVE;
				CLANG_CXX_LANGUAGE_STANDARD = "gnu++20";
				CLANG_ENABLE_MODULES = YES;
				CLANG_ENABLE_OBJC_ARC = YES;
				CLANG_ENABLE_OBJC_WEAK = YES;
				CLANG_WARN_BLOCK_CAPTURE_AUTORELEASING = YES;
				CLANG_WARN_BOOL_CONVERSION = YES;
				CLANG_WARN_COMMA = YES;
				CLANG_WARN_CONSTANT_CONVERSION = YES;
				CLANG_WARN_DEPRECATED_OBJC_IMPLEMENTATIONS = YES;
				CLANG_WARN_DIRECT_OBJC_ISA_USAGE = YES_ERROR;
				CLANG_WARN_DOCUMENTATION_COMMENTS = YES;
				CLANG_WARN_EMPTY_BODY = YES;
				CLANG_WARN_ENUM_CONVERSION = YES;
				CLANG_WARN_INFINITE_RECURSION = YES;
				CLANG_WARN_INT_CONVERSION = YES;
				CLANG_WARN_NON_LITERAL_NULL_CONVERSION = YES;
				CLANG_WARN_OBJC_IMPLICIT_RETAIN_SELF = YES;
				CLANG_WARN_OBJC_LITERAL_CONVERSION = YES;
				CLANG_WARN_OBJC_ROOT_CLASS = YES_ERROR;
				CLANG_WARN_QUOTED_INCLUDE_IN_FRAMEWORK_HEADER = YES;
				CLANG_WARN_RANGE_LOOP_ANALYSIS = YES;
				CLANG_WARN_STRICT_PROTOTYPES = YES;
				CLANG_WARN_SUSPICIOUS_MOVE = YES;
				CLANG_WARN_UNGUARDED_AVAILABILITY = YES_AGGRESSIVE;
				CLANG_WARN_UNREACHABLE_CODE = YES;
				CLANG_WARN__DUPLICATE_METHOD_MATCH = YES;
				COPY_PHASE_STRIP = NO;
				DEBUG_INFORMATION_FORMAT = "dwarf-with-dsym";
				ENABLE_NS_ASSERTIONS = NO;
				ENABLE_STRICT_OBJC_MSGSEND = YES;
				ENABLE_USER_SCRIPT_SANDBOXING = YES;
				GCC_C_LANGUAGE_STANDARD = gnu17;
				GCC_NO_COMMON_BLOCKS = YES;
				GCC_WARN_64_TO_32_BIT_CONVERSION = YES;
				GCC_WARN_ABOUT_RETURN_TYPE = YES_ERROR;
				GCC_WARN_UNDECLARED_SELECTOR = YES;
				GCC_WARN_UNINITIALIZED_AUTOS = YES_AGGRESSIVE;
				GCC_WARN_UNUSED_FUNCTION = YES;
				GCC_WARN_UNUSED_VARIABLE = YES;
				IPHONEOS_DEPLOYMENT_TARGET = 26.1;
				LOCALIZATION_PREFERS_STRING_CATALOGS = YES;
				MTL_ENABLE_DEBUG_INFO = NO;
				MTL_FAST_MATH = YES;
				SDKROOT = iphoneos;
				SWIFT_COMPILATION_MODE = wholemodule;
				VALIDATE_PRODUCT = YES;
			};
			name = Release;
		};
		53F8DAB82EE7ED0B0059D96D /* Debug */ = {
			isa = XCBuildConfiguration;
			buildSettings = {
				BUNDLE_LOADER = "$(TEST_HOST)";
				CODE_SIGN_STYLE = Automatic;
				CURRENT_PROJECT_VERSION = 1;
				GENERATE_INFOPLIST_FILE = YES;
				IPHONEOS_DEPLOYMENT_TARGET = 26.1;
				MARKETING_VERSION = 1.0;
				PRODUCT_BUNDLE_IDENTIFIER = com.seitkazy.TestTaskTests;
				PRODUCT_NAME = "$(TARGET_NAME)";
				STRING_CATALOG_GENERATE_SYMBOLS = NO;
				SWIFT_APPROACHABLE_CONCURRENCY = YES;
				SWIFT_EMIT_LOC_STRINGS = NO;
				SWIFT_UPCOMING_FEATURE_MEMBER_IMPORT_VISIBILITY = YES;
				SWIFT_VERSION = 5.0;
				TARGETED_DEVICE_FAMILY = "1,2";
				TEST_HOST = "$(BUILT_PRODUCTS_DIR)/TestTask.app/$(BUNDLE_EXECUTABLE_FOLDER_PATH)/TestTask";
			};
			name = Debug;
		};
		53F8DAB92EE7ED0B0059D96D /* Release */ = {
			isa = XCBuildConfiguration;
			buildSettings = {
				BUNDLE_LOADER = "$(TEST_HOST)";
				CODE_SIGN_STYLE = Automatic;
				CURRENT_PROJECT_VERSION = 1;
				GENERATE_INFOPLIST_FILE = YES;
				IPHONEOS_DEPLOYMENT_TARGET = 26.1;
				MARKETING_VERSION = 1.0;
				PRODUCT_BUNDLE_IDENTIFIER = com.seitkazy.TestTaskTests;
				PRODUCT_NAME = "$(TARGET_NAME)";
				STRING_CATALOG_GENERATE_SYMBOLS = NO;
				SWIFT_APPROACHABLE_CONCURRENCY = YES;
				SWIFT_EMIT_LOC_STRINGS = NO;
				SWIFT_UPCOMING_FEATURE_MEMBER_IMPORT_VISIBILITY = YES;
				SWIFT_VERSION = 5.0;
				TARGETED_DEVICE_FAMILY = "1,2";
				TEST_HOST = "$(BUILT_PRODUCTS_DIR)/TestTask.app/$(BUNDLE_EXECUTABLE_FOLDER_PATH)/TestTask";
			};
			name = Release;
		};
		53F8DABB2EE7ED0B0059D96D /* Debug */ = {
			isa = XCBuildConfiguration;
			buildSettings = {
				CODE_SIGN_STYLE = Automatic;
				CURRENT_PROJECT_VERSION = 1;
				GENERATE_INFOPLIST_FILE = YES;
				MARKETING_VERSION = 1.0;
				PRODUCT_BUNDLE_IDENTIFIER = com.seitkazy.TestTaskUITests;
				PRODUCT_NAME = "$(TARGET_NAME)";
				STRING_CATALOG_GENERATE_SYMBOLS = NO;
				SWIFT_APPROACHABLE_CONCURRENCY = YES;
				SWIFT_EMIT_LOC_STRINGS = NO;
				SWIFT_UPCOMING_FEATURE_MEMBER_IMPORT_VISIBILITY = YES;
				SWIFT_VERSION = 5.0;
				TARGETED_DEVICE_FAMILY = "1,2";
				TEST_TARGET_NAME = TestTask;
			};
			name = Debug;
		};
		53F8DABC2EE7ED0B0059D96D /* Release */ = {
			isa = XCBuildConfiguration;
			buildSettings = {
				CODE_SIGN_STYLE = Automatic;
				CURRENT_PROJECT_VERSION = 1;
				GENERATE_INFOPLIST_FILE = YES;
				MARKETING_VERSION = 1.0;
				PRODUCT_BUNDLE_IDENTIFIER = com.seitkazy.TestTaskUITests;
				PRODUCT_NAME = "$(TARGET_NAME)";
				STRING_CATALOG_GENERATE_SYMBOLS = NO;
				SWIFT_APPROACHABLE_CONCURRENCY = YES;
				SWIFT_EMIT_LOC_STRINGS = NO;
				SWIFT_UPCOMING_FEATURE_MEMBER_IMPORT_VISIBILITY = YES;
				SWIFT_VERSION = 5.0;
				TARGETED_DEVICE_FAMILY = "1,2";
				TEST_TARGET_NAME = TestTask;
			};
			name = Release;
		};
/* End XCBuildConfiguration section */

/* Begin XCConfigurationList section */
		53F8DA842EE7ED0A0059D96D /* Build configuration list for PBXProject "TestTask" */ = {
			isa = XCConfigurationList;
			buildConfigurations = (
				53F8DAB52EE7ED0B0059D96D /* Debug */,
				53F8DAB62EE7ED0B0059D96D /* Release */,
			);
			defaultConfigurationIsVisible = 0;
			defaultConfigurationName = Release;
		};
		53F8DAB22EE7ED0B0059D96D /* Build configuration list for PBXNativeTarget "TestTask" */ = {
			isa = XCConfigurationList;
			buildConfigurations = (
				53F8DAB32EE7ED0B0059D96D /* Debug */,
				53F8DAB42EE7ED0B0059D96D /* Release */,
			);
			defaultConfigurationIsVisible = 0;
			defaultConfigurationName = Release;
		};
		53F8DAB72EE7ED0B0059D96D /* Build configuration list for PBXNativeTarget "TestTaskTests" */ = {
			isa = XCConfigurationList;
			buildConfigurations = (
				53F8DAB82EE7ED0B0059D96D /* Debug */,
				53F8DAB92EE7ED0B0059D96D /* Release */,
			);
			defaultConfigurationIsVisible = 0;
			defaultConfigurationName = Release;
		};
		53F8DABA2EE7ED0B0059D96D /* Build configuration list for PBXNativeTarget "TestTaskUITests" */ = {
			isa = XCConfigurationList;
			buildConfigurations = (
				53F8DABB2EE7ED0B0059D96D /* Debug */,
				53F8DABC2EE7ED0B0059D96D /* Release */,
			);
			defaultConfigurationIsVisible = 0;
			defaultConfigurationName = Release;
		};
/* End XCConfigurationList section */

/* Begin XCRemoteSwiftPackageReference section */
		53F8DACD2EE7F26D0059D96D /* XCRemoteSwiftPackageReference "Alamofire" */ = {
			isa = XCRemoteSwiftPackageReference;
			repositoryURL = "https://github.com/Alamofire/Alamofire";
			requirement = {
				kind = upToNextMajorVersion;
				minimumVersion = 5.10.2;
			};
		};
/* End XCRemoteSwiftPackageReference section */

/* Begin XCVersionGroup section */
		53F8DAD62EE7FD770059D96D /* FeedModel.xcdatamodeld */ = {
			isa = XCVersionGroup;
			children = (
				53F8DAD72EE7FD770059D96D /* FeedModel.xcdatamodel */,
			);
			currentVersion = 53F8DAD72EE7FD770059D96D /* FeedModel.xcdatamodel */;
			path = FeedModel.xcdatamodeld;
			sourceTree = "<group>";
			versionGroupType = wrapper.xcdatamodel;
		};
/* End XCVersionGroup section */
	};
	rootObject = 53F8DA812EE7ED0A0059D96D /* Project object */;
}
